
Microsoft Visual Studio Solution File, Format Version 12.00
# Visual Studio 15
VisualStudioVersion = 15.0.27703.2018
MinimumVisualStudioVersion = 10.0.40219.1
Project("{FAE04EC0-301F-11D3-BF4B-00C04F79EFBC}") = "NAngular", "NAngular\NAngular.csproj", "{C0BD74D3-5E4A-4011-B15B-28BE59ED5588}"
EndProject
Project("{FAE04EC0-301F-11D3-BF4B-00C04F79EFBC}") = "NAngular.Tests", "NAngular.Tests\NAngular.Tests.csproj", "{73B6EE7C-14E4-448F-B810-2D136C74B6F9}"
EndProject
Project("{FAE04EC0-301F-11D3-BF4B-00C04F79EFBC}") = "NAngular.Domain", "NAngular.Domain\NAngular.Domain.csproj", "{0A2DB69D-48DE-4853-B6D9-A3A8E8A0EF78}"
EndProject
Project("{FAE04EC0-301F-11D3-BF4B-00C04F79EFBC}") = "NAngular.DataAccess", "NAngular.DataAccess\NAngular.DataAccess.csproj", "{289D7E47-522B-4429-B6FC-92D99AC60230}"
EndProject
Global
	GlobalSection(SolutionConfigurationPlatforms) = preSolution
		Debug|Any CPU = Debug|Any CPU
		Release|Any CPU = Release|Any CPU
	EndGlobalSection
	GlobalSection(ProjectConfigurationPlatforms) = postSolution
		{C0BD74D3-5E4A-4011-B15B-28BE59ED5588}.Debug|Any CPU.ActiveCfg = Debug|Any CPU
		{C0BD74D3-5E4A-4011-B15B-28BE59ED5588}.Debug|Any CPU.Build.0 = Debug|Any CPU
		{C0BD74D3-5E4A-4011-B15B-28BE59ED5588}.Release|Any CPU.ActiveCfg = Release|Any CPU
		{C0BD74D3-5E4A-4011-B15B-28BE59ED5588}.Release|Any CPU.Build.0 = Release|Any CPU
		{73B6EE7C-14E4-448F-B810-2D136C74B6F9}.Debug|Any CPU.ActiveCfg = Debug|Any CPU
		{73B6EE7C-14E4-448F-B810-2D136C74B6F9}.Debug|Any CPU.Build.0 = Debug|Any CPU
		{73B6EE7C-14E4-448F-B810-2D136C74B6F9}.Release|Any CPU.ActiveCfg = Release|Any CPU
		{73B6EE7C-14E4-448F-B810-2D136C74B6F9}.Release|Any CPU.Build.0 = Release|Any CPU
		{0A2DB69D-48DE-4853-B6D9-A3A8E8A0EF78}.Debug|Any CPU.ActiveCfg = Debug|Any CPU
		{0A2DB69D-48DE-4853-B6D9-A3A8E8A0EF78}.Debug|Any CPU.Build.0 = Debug|Any CPU
		{0A2DB69D-48DE-4853-B6D9-A3A8E8A0EF78}.Release|Any CPU.ActiveCfg = Release|Any CPU
		{0A2DB69D-48DE-4853-B6D9-A3A8E8A0EF78}.Release|Any CPU.Build.0 = Release|Any CPU
		{289D7E47-522B-4429-B6FC-92D99AC60230}.Debug|Any CPU.ActiveCfg = Debug|Any CPU
		{289D7E47-522B-4429-B6FC-92D99AC60230}.Debug|Any CPU.Build.0 = Debug|Any CPU
		{289D7E47-522B-4429-B6FC-92D99AC60230}.Release|Any CPU.ActiveCfg = Release|Any CPU
		{289D7E47-522B-4429-B6FC-92D99AC60230}.Release|Any CPU.Build.0 = Release|Any CPU
	EndGlobalSection
	GlobalSection(SolutionProperties) = preSolution
		HideSolutionNode = FALSE
	EndGlobalSection
	GlobalSection(ExtensibilityGlobals) = postSolution
		SolutionGuid = {65BA57C0-C69F-4CE8-A13E-417D02C1C4E9}
	EndGlobalSection
EndGlobal
